# dbt package lockfile — generated by: dbt deps --lock
#
# DO NOT EDIT MANUALLY.
# Regenerate with: make dbt-lock
#
# This file pins the exact resolved versions of all dbt packages declared in
# packages.yml. Committing it ensures every environment installs identical
# package versions, regardless of when `dbt deps` is run.

package-lock-version: 1
packages:
  - package: calogica/dbt_expectations
    version: 0.10.4
    sha1_hash: 71f8ec4a7c51bcd1f3e89d7f0abb22cd16cfb6fe
